
Microsoft Visual Studio Solution File, Format Version 12.00
# Visual Studio Version 17
VisualStudioVersion = 17.0.31903.59
MinimumVisualStudioVersion = 10.0.40219.1
Project("{FAE04EC0-301F-11D3-BF4B-00C04F79EFBC}") = "BudgetTracker.Api", "BudgetTracker.Api.csproj", "{14FCAD8D-8398-4104-9A7A-FF5BBAF7ED79}"
EndProject
Project("{FAE04EC0-301F-11D3-BF4B-00C04F79EFBC}") = "BudgetTracker.Data", "..\BudgetTracker.Data\BudgetTracker.Data.csproj", "{3CBECBBF-3BAA-4890-8121-47B7A8B76CD1}"
EndProject
Project("{FAE04EC0-301F-11D3-BF4B-00C04F79EFBC}") = "BudgetTracker.Core", "..\BudgetTracker.Core\BudgetTracker.Core.csproj", "{B8532354-664F-405A-A2C2-226F5387D403}"
EndProject
Global
	GlobalSection(SolutionConfigurationPlatforms) = preSolution
		Debug|Any CPU = Debug|Any CPU
		Debug|x64 = Debug|x64
		Debug|x86 = Debug|x86
		Release|Any CPU = Release|Any CPU
		Release|x64 = Release|x64
		Release|x86 = Release|x86
	EndGlobalSection
	GlobalSection(ProjectConfigurationPlatforms) = postSolution
		{14FCAD8D-8398-4104-9A7A-FF5BBAF7ED79}.Debug|Any CPU.ActiveCfg = Debug|Any CPU
		{14FCAD8D-8398-4104-9A7A-FF5BBAF7ED79}.Debug|Any CPU.Build.0 = Debug|Any CPU
		{14FCAD8D-8398-4104-9A7A-FF5BBAF7ED79}.Debug|x64.ActiveCfg = Debug|Any CPU
		{14FCAD8D-8398-4104-9A7A-FF5BBAF7ED79}.Debug|x64.Build.0 = Debug|Any CPU
		{14FCAD8D-8398-4104-9A7A-FF5BBAF7ED79}.Debug|x86.ActiveCfg = Debug|Any CPU
		{14FCAD8D-8398-4104-9A7A-FF5BBAF7ED79}.Debug|x86.Build.0 = Debug|Any CPU
		{14FCAD8D-8398-4104-9A7A-FF5BBAF7ED79}.Release|Any CPU.ActiveCfg = Release|Any CPU
		{14FCAD8D-8398-4104-9A7A-FF5BBAF7ED79}.Release|Any CPU.Build.0 = Release|Any CPU
		{14FCAD8D-8398-4104-9A7A-FF5BBAF7ED79}.Release|x64.ActiveCfg = Release|Any CPU
		{14FCAD8D-8398-4104-9A7A-FF5BBAF7ED79}.Release|x64.Build.0 = Release|Any CPU
		{14FCAD8D-8398-4104-9A7A-FF5BBAF7ED79}.Release|x86.ActiveCfg = Release|Any CPU
		{14FCAD8D-8398-4104-9A7A-FF5BBAF7ED79}.Release|x86.Build.0 = Release|Any CPU
		{3CBECBBF-3BAA-4890-8121-47B7A8B76CD1}.Debug|Any CPU.ActiveCfg = Debug|Any CPU
		{3CBECBBF-3BAA-4890-8121-47B7A8B76CD1}.Debug|Any CPU.Build.0 = Debug|Any CPU
		{3CBECBBF-3BAA-4890-8121-47B7A8B76CD1}.Debug|x64.ActiveCfg = Debug|Any CPU
		{3CBECBBF-3BAA-4890-8121-47B7A8B76CD1}.Debug|x64.Build.0 = Debug|Any CPU
		{3CBECBBF-3BAA-4890-8121-47B7A8B76CD1}.Debug|x86.ActiveCfg = Debug|Any CPU
		{3CBECBBF-3BAA-4890-8121-47B7A8B76CD1}.Debug|x86.Build.0 = Debug|Any CPU
		{3CBECBBF-3BAA-4890-8121-47B7A8B76CD1}.Release|Any CPU.ActiveCfg = Release|Any CPU
		{3CBECBBF-3BAA-4890-8121-47B7A8B76CD1}.Release|Any CPU.Build.0 = Release|Any CPU
		{3CBECBBF-3BAA-4890-8121-47B7A8B76CD1}.Release|x64.ActiveCfg = Release|Any CPU
		{3CBECBBF-3BAA-4890-8121-47B7A8B76CD1}.Release|x64.Build.0 = Release|Any CPU
		{3CBECBBF-3BAA-4890-8121-47B7A8B76CD1}.Release|x86.ActiveCfg = Release|Any CPU
		{3CBECBBF-3BAA-4890-8121-47B7A8B76CD1}.Release|x86.Build.0 = Release|Any CPU
		{B8532354-664F-405A-A2C2-226F5387D403}.Debug|Any CPU.ActiveCfg = Debug|Any CPU
		{B8532354-664F-405A-A2C2-226F5387D403}.Debug|Any CPU.Build.0 = Debug|Any CPU
		{B8532354-664F-405A-A2C2-226F5387D403}.Debug|x64.ActiveCfg = Debug|Any CPU
		{B8532354-664F-405A-A2C2-226F5387D403}.Debug|x64.Build.0 = Debug|Any CPU
		{B8532354-664F-405A-A2C2-226F5387D403}.Debug|x86.ActiveCfg = Debug|Any CPU
		{B8532354-664F-405A-A2C2-226F5387D403}.Debug|x86.Build.0 = Debug|Any CPU
		{B8532354-664F-405A-A2C2-226F5387D403}.Release|Any CPU.ActiveCfg = Release|Any CPU
		{B8532354-664F-405A-A2C2-226F5387D403}.Release|Any CPU.Build.0 = Release|Any CPU
		{B8532354-664F-405A-A2C2-226F5387D403}.Release|x64.ActiveCfg = Release|Any CPU
		{B8532354-664F-405A-A2C2-226F5387D403}.Release|x64.Build.0 = Release|Any CPU
		{B8532354-664F-405A-A2C2-226F5387D403}.Release|x86.ActiveCfg = Release|Any CPU
		{B8532354-664F-405A-A2C2-226F5387D403}.Release|x86.Build.0 = Release|Any CPU
	EndGlobalSection
	GlobalSection(SolutionProperties) = preSolution
		HideSolutionNode = FALSE
	EndGlobalSection
	GlobalSection(ExtensibilityGlobals) = postSolution
		SolutionGuid = {C98D5CD3-F95A-4FF5-819D-8F59AC2EB872}
	EndGlobalSection
EndGlobal
